// !$*UTF8*$!
{
	archiveVersion = 1;
	classes = {
	};
	objectVersion = 50;
	objects = {

/* Begin PBXBuildFile section */
		D64187A4215F5920009814F1 /* RxSwift.framework in Frameworks */ = {isa = PBXBuildFile; fileRef = D64187A0215F5920009814F1 /* RxSwift.framework */; };
		D64187A5215F5920009814F1 /* RxCocoa.framework in Frameworks */ = {isa = PBXBuildFile; fileRef = D64187A1215F5920009814F1 /* RxCocoa.framework */; };
		D64187A6215F5920009814F1 /* Realm.framework in Frameworks */ = {isa = PBXBuildFile; fileRef = D64187A2215F5920009814F1 /* Realm.framework */; };
		D64187A7215F5920009814F1 /* RealmSwift.framework in Frameworks */ = {isa = PBXBuildFile; fileRef = D64187A3215F5920009814F1 /* RealmSwift.framework */; };
		D64187AA215F59E3009814F1 /* Budget.swift in Sources */ = {isa = PBXBuildFile; fileRef = D64187A9215F59E3009814F1 /* Budget.swift */; };
		D64187AC215F5DA2009814F1 /* Spend.swift in Sources */ = {isa = PBXBuildFile; fileRef = D64187AB215F5DA2009814F1 /* Spend.swift */; };
		D685937D215F54D800BA4511 /* AppDelegate.swift in Sources */ = {isa = PBXBuildFile; fileRef = D685937C215F54D800BA4511 /* AppDelegate.swift */; };
		D6859384215F54D900BA4511 /* Assets.xcassets in Resources */ = {isa = PBXBuildFile; fileRef = D6859383215F54D900BA4511 /* Assets.xcassets */; };
		D6859387215F54D900BA4511 /* LaunchScreen.storyboard in Resources */ = {isa = PBXBuildFile; fileRef = D6859385215F54D900BA4511 /* LaunchScreen.storyboard */; };
		D6859392215F54D900BA4511 /* SimpleBudgetTests.swift in Sources */ = {isa = PBXBuildFile; fileRef = D6859391215F54D900BA4511 /* SimpleBudgetTests.swift */; };
/* End PBXBuildFile section */

/* Begin PBXContainerItemProxy section */
		D685938E215F54D900BA4511 /* PBXContainerItemProxy */ = {
			isa = PBXContainerItemProxy;
			containerPortal = D6859371215F54D800BA4511 /* Project object */;
			proxyType = 1;
			remoteGlobalIDString = D6859378215F54D800BA4511;
			remoteInfo = SimpleBudget;
		};
/* End PBXContainerItemProxy section */

/* Begin PBXFileReference section */
		D64187A0215F5920009814F1 /* RxSwift.framework */ = {isa = PBXFileReference; lastKnownFileType = wrapper.framework; name = RxSwift.framework; path = Carthage/Build/iOS/RxSwift.framework; sourceTree = "<group>"; };
		D64187A1215F5920009814F1 /* RxCocoa.framework */ = {isa = PBXFileReference; lastKnownFileType = wrapper.framework; name = RxCocoa.framework; path = Carthage/Build/iOS/RxCocoa.framework; sourceTree = "<group>"; };
		D64187A2215F5920009814F1 /* Realm.framework */ = {isa = PBXFileReference; lastKnownFileType = wrapper.framework; name = Realm.framework; path = Carthage/Build/iOS/Realm.framework; sourceTree = "<group>"; };
		D64187A3215F5920009814F1 /* RealmSwift.framework */ = {isa = PBXFileReference; lastKnownFileType = wrapper.framework; name = RealmSwift.framework; path = Carthage/Build/iOS/RealmSwift.framework; sourceTree = "<group>"; };
		D64187A9215F59E3009814F1 /* Budget.swift */ = {isa = PBXFileReference; lastKnownFileType = sourcecode.swift; path = Budget.swift; sourceTree = "<group>"; };
		D64187AB215F5DA2009814F1 /* Spend.swift */ = {isa = PBXFileReference; lastKnownFileType = sourcecode.swift; path = Spend.swift; sourceTree = "<group>"; };
		D6859379215F54D800BA4511 /* SimpleBudget.app */ = {isa = PBXFileReference; explicitFileType = wrapper.application; includeInIndex = 0; path = SimpleBudget.app; sourceTree = BUILT_PRODUCTS_DIR; };
		D685937C215F54D800BA4511 /* AppDelegate.swift */ = {isa = PBXFileReference; lastKnownFileType = sourcecode.swift; path = AppDelegate.swift; sourceTree = "<group>"; };
		D6859383215F54D900BA4511 /* Assets.xcassets */ = {isa = PBXFileReference; lastKnownFileType = folder.assetcatalog; path = Assets.xcassets; sourceTree = "<group>"; };
		D6859386215F54D900BA4511 /* Base */ = {isa = PBXFileReference; lastKnownFileType = file.storyboard; name = Base; path = Base.lproj/LaunchScreen.storyboard; sourceTree = "<group>"; };
		D6859388215F54D900BA4511 /* Info.plist */ = {isa = PBXFileReference; lastKnownFileType = text.plist.xml; path = Info.plist; sourceTree = "<group>"; };
		D685938D215F54D900BA4511 /* SimpleBudgetTests.xctest */ = {isa = PBXFileReference; explicitFileType = wrapper.cfbundle; includeInIndex = 0; path = SimpleBudgetTests.xctest; sourceTree = BUILT_PRODUCTS_DIR; };
		D6859391215F54D900BA4511 /* SimpleBudgetTests.swift */ = {isa = PBXFileReference; lastKnownFileType = sourcecode.swift; path = SimpleBudgetTests.swift; sourceTree = "<group>"; };
		D6859393215F54D900BA4511 /* Info.plist */ = {isa = PBXFileReference; lastKnownFileType = text.plist.xml; path = Info.plist; sourceTree = "<group>"; };
/* End PBXFileReference section */

/* Begin PBXFrameworksBuildPhase section */
		D6859376215F54D800BA4511 /* Frameworks */ = {
			isa = PBXFrameworksBuildPhase;
			buildActionMask = 2147483647;
			files = (
				D64187A4215F5920009814F1 /* RxSwift.framework in Frameworks */,
				D64187A5215F5920009814F1 /* RxCocoa.framework in Frameworks */,
				D64187A6215F5920009814F1 /* Realm.framework in Frameworks */,
				D64187A7215F5920009814F1 /* RealmSwift.framework in Frameworks */,
			);
			runOnlyForDeploymentPostprocessing = 0;
		};
		D685938A215F54D900BA4511 /* Frameworks */ = {
			isa = PBXFrameworksBuildPhase;
			buildActionMask = 2147483647;
			files = (
			);
			runOnlyForDeploymentPostprocessing = 0;
		};
/* End PBXFrameworksBuildPhase section */

/* Begin PBXGroup section */
		D641879F215F5920009814F1 /* Frameworks */ = {
			isa = PBXGroup;
			children = (
				D64187A2215F5920009814F1 /* Realm.framework */,
				D64187A3215F5920009814F1 /* RealmSwift.framework */,
				D64187A1215F5920009814F1 /* RxCocoa.framework */,
				D64187A0215F5920009814F1 /* RxSwift.framework */,
			);
			name = Frameworks;
			sourceTree = "<group>";
		};
		D64187A8215F59D2009814F1 /* Entities */ = {
			isa = PBXGroup;
			children = (
				D64187A9215F59E3009814F1 /* Budget.swift */,
				D64187AB215F5DA2009814F1 /* Spend.swift */,
			);
			path = Entities;
			sourceTree = "<group>";
		};
		D6859370215F54D800BA4511 = {
			isa = PBXGroup;
			children = (
				D685937B215F54D800BA4511 /* SimpleBudget */,
				D6859390215F54D900BA4511 /* SimpleBudgetTests */,
				D685937A215F54D800BA4511 /* Products */,
				D641879F215F5920009814F1 /* Frameworks */,
			);
			sourceTree = "<group>";
		};
		D685937A215F54D800BA4511 /* Products */ = {
			isa = PBXGroup;
			children = (
				D6859379215F54D800BA4511 /* SimpleBudget.app */,
				D685938D215F54D900BA4511 /* SimpleBudgetTests.xctest */,
			);
			name = Products;
			sourceTree = "<group>";
		};
		D685937B215F54D800BA4511 /* SimpleBudget */ = {
			isa = PBXGroup;
			children = (
				D64187A8215F59D2009814F1 /* Entities */,
				D685937C215F54D800BA4511 /* AppDelegate.swift */,
				D6859383215F54D900BA4511 /* Assets.xcassets */,
				D6859385215F54D900BA4511 /* LaunchScreen.storyboard */,
				D6859388215F54D900BA4511 /* Info.plist */,
			);
			path = SimpleBudget;
			sourceTree = "<group>";
		};
		D6859390215F54D900BA4511 /* SimpleBudgetTests */ = {
			isa = PBXGroup;
			children = (
				D6859391215F54D900BA4511 /* SimpleBudgetTests.swift */,
				D6859393215F54D900BA4511 /* Info.plist */,
			);
			path = SimpleBudgetTests;
			sourceTree = "<group>";
		};
/* End PBXGroup section */

/* Begin PBXNativeTarget section */
		D6859378215F54D800BA4511 /* SimpleBudget */ = {
			isa = PBXNativeTarget;
			buildConfigurationList = D6859396215F54D900BA4511 /* Build configuration list for PBXNativeTarget "SimpleBudget" */;
			buildPhases = (
				D6859375215F54D800BA4511 /* Sources */,
				D6859376215F54D800BA4511 /* Frameworks */,
				D6859377215F54D800BA4511 /* Resources */,
				D641879E215F57E2009814F1 /* Carthage */,
			);
			buildRules = (
			);
			dependencies = (
			);
			name = SimpleBudget;
			productName = SimpleBudget;
			productReference = D6859379215F54D800BA4511 /* SimpleBudget.app */;
			productType = "com.apple.product-type.application";
		};
		D685938C215F54D900BA4511 /* SimpleBudgetTests */ = {
			isa = PBXNativeTarget;
			buildConfigurationList = D6859399215F54D900BA4511 /* Build configuration list for PBXNativeTarget "SimpleBudgetTests" */;
			buildPhases = (
				D6859389215F54D900BA4511 /* Sources */,
				D685938A215F54D900BA4511 /* Frameworks */,
				D685938B215F54D900BA4511 /* Resources */,
			);
			buildRules = (
			);
			dependencies = (
				D685938F215F54D900BA4511 /* PBXTargetDependency */,
			);
			name = SimpleBudgetTests;
			productName = SimpleBudgetTests;
			productReference = D685938D215F54D900BA4511 /* SimpleBudgetTests.xctest */;
			productType = "com.apple.product-type.bundle.unit-test";
		};
/* End PBXNativeTarget section */

/* Begin PBXProject section */
		D6859371215F54D800BA4511 /* Project object */ = {
			isa = PBXProject;
			attributes = {
				LastSwiftUpdateCheck = 1000;
				LastUpgradeCheck = 1000;
				ORGANIZATIONNAME = khoi;
				TargetAttributes = {
					D6859378215F54D800BA4511 = {
						CreatedOnToolsVersion = 10.0;
					};
					D685938C215F54D900BA4511 = {
						CreatedOnToolsVersion = 10.0;
						TestTargetID = D6859378215F54D800BA4511;
					};
				};
			};
			buildConfigurationList = D6859374215F54D800BA4511 /* Build configuration list for PBXProject "SimpleBudget" */;
			compatibilityVersion = "Xcode 9.3";
			developmentRegion = en;
			hasScannedForEncodings = 0;
			knownRegions = (
				en,
				Base,
			);
			mainGroup = D6859370215F54D800BA4511;
			productRefGroup = D685937A215F54D800BA4511 /* Products */;
			projectDirPath = "";
			projectRoot = "";
			targets = (
				D6859378215F54D800BA4511 /* SimpleBudget */,
				D685938C215F54D900BA4511 /* SimpleBudgetTests */,
			);
		};
/* End PBXProject section */

/* Begin PBXResourcesBuildPhase section */
		D6859377215F54D800BA4511 /* Resources */ = {
			isa = PBXResourcesBuildPhase;
			buildActionMask = 2147483647;
			files = (
				D6859387215F54D900BA4511 /* LaunchScreen.storyboard in Resources */,
				D6859384215F54D900BA4511 /* Assets.xcassets in Resources */,
			);
			runOnlyForDeploymentPostprocessing = 0;
		};
		D685938B215F54D900BA4511 /* Resources */ = {
			isa = PBXResourcesBuildPhase;
			buildActionMask = 2147483647;
			files = (
			);
			runOnlyForDeploymentPostprocessing = 0;
		};
/* End PBXResourcesBuildPhase section */

/* Begin PBXShellScriptBuildPhase section */
		D641879E215F57E2009814F1 /* Carthage */ = {
			isa = PBXShellScriptBuildPhase;
			buildActionMask = 2147483647;
			files = (
			);
			inputFileListPaths = (
			);
			inputPaths = (
				"$(SRCROOT)/Carthage/Build/iOS/RxCocoa.framework",
				"$(SRCROOT)/Carthage/Build/iOS/RxSwift.framework",
				"$(SRCROOT)/Carthage/Build/iOS/Realm.framework",
				"$(SRCROOT)/Carthage/Build/iOS/RealmSwift.framework",
			);
			name = Carthage;
			outputFileListPaths = (
			);
			outputPaths = (
				"$(BUILT_PRODUCTS_DIR)/$(FRAMEWORKS_FOLDER_PATH)/RxCocoa.framework",
				"$(BUILT_PRODUCTS_DIR)/$(FRAMEWORKS_FOLDER_PATH)/RxSwift.framework",
				"$(BUILT_PRODUCTS_DIR)/$(FRAMEWORKS_FOLDER_PATH)/Realm.framework",
				"$(BUILT_PRODUCTS_DIR)/$(FRAMEWORKS_FOLDER_PATH)/RealmSwift.framework",
			);
			runOnlyForDeploymentPostprocessing = 0;
			shellPath = /bin/sh;
			shellScript = "/usr/local/bin/carthage copy-frameworks\n";
		};
/* End PBXShellScriptBuildPhase section */

/* Begin PBXSourcesBuildPhase section */
		D6859375215F54D800BA4511 /* Sources */ = {
			isa = PBXSourcesBuildPhase;
			buildActionMask = 2147483647;
			files = (
				D64187AC215F5DA2009814F1 /* Spend.swift in Sources */,
				D64187AA215F59E3009814F1 /* Budget.swift in Sources */,
				D685937D215F54D800BA4511 /* AppDelegate.swift in Sources */,
			);
			runOnlyForDeploymentPostprocessing = 0;
		};
		D6859389215F54D900BA4511 /* Sources */ = {
			isa = PBXSourcesBuildPhase;
			buildActionMask = 2147483647;
			files = (
				D6859392215F54D900BA4511 /* SimpleBudgetTests.swift in Sources */,
			);
			runOnlyForDeploymentPostprocessing = 0;
		};
/* End PBXSourcesBuildPhase section */

/* Begin PBXTargetDependency section */
		D685938F215F54D900BA4511 /* PBXTargetDependency */ = {
			isa = PBXTargetDependency;
			target = D6859378215F54D800BA4511 /* SimpleBudget */;
			targetProxy = D685938E215F54D900BA4511 /* PBXContainerItemProxy */;
		};
/* End PBXTargetDependency section */

/* Begin PBXVariantGroup section */
		D6859385215F54D900BA4511 /* LaunchScreen.storyboard */ = {
			isa = PBXVariantGroup;
			children = (
				D6859386215F54D900BA4511 /* Base */,
			);
			name = LaunchScreen.storyboard;
			sourceTree = "<group>";
		};
/* End PBXVariantGroup section */

/* Begin XCBuildConfiguration section */
		D6859394215F54D900BA4511 /* Debug */ = {
			isa = XCBuildConfiguration;
			buildSettings = {
				ALWAYS_SEARCH_USER_PATHS = NO;
				CLANG_ANALYZER_NONNULL = YES;
				CLANG_ANALYZER_NUMBER_OBJECT_CONVERSION = YES_AGGRESSIVE;
				CLANG_CXX_LANGUAGE_STANDARD = "gnu++14";
				CLANG_CXX_LIBRARY = "libc++";
				CLANG_ENABLE_MODULES = YES;
				CLANG_ENABLE_OBJC_ARC = YES;
				CLANG_ENABLE_OBJC_WEAK = YES;
				CLANG_WARN_BLOCK_CAPTURE_AUTORELEASING = YES;
				CLANG_WARN_BOOL_CONVERSION = YES;
				CLANG_WARN_COMMA = YES;
				CLANG_WARN_CONSTANT_CONVERSION = YES;
				CLANG_WARN_DEPRECATED_OBJC_IMPLEMENTATIONS = YES;
				CLANG_WARN_DIRECT_OBJC_ISA_USAGE = YES_ERROR;
				CLANG_WARN_DOCUMENTATION_COMMENTS = YES;
				CLANG_WARN_EMPTY_BODY = YES;
				CLANG_WARN_ENUM_CONVERSION = YES;
				CLANG_WARN_INFINITE_RECURSION = YES;
				CLANG_WARN_INT_CONVERSION = YES;
				CLANG_WARN_NON_LITERAL_NULL_CONVERSION = YES;
				CLANG_WARN_OBJC_IMPLICIT_RETAIN_SELF = YES;
				CLANG_WARN_OBJC_LITERAL_CONVERSION = YES;
				CLANG_WARN_OBJC_ROOT_CLASS = YES_ERROR;
				CLANG_WARN_RANGE_LOOP_ANALYSIS = YES;
				CLANG_WARN_STRICT_PROTOTYPES = YES;
				CLANG_WARN_SUSPICIOUS_MOVE = YES;
				CLANG_WARN_UNGUARDED_AVAILABILITY = YES_AGGRESSIVE;
				CLANG_WARN_UNREACHABLE_CODE = YES;
				CLANG_WARN__DUPLICATE_METHOD_MATCH = YES;
				CODE_SIGN_IDENTITY = "iPhone Developer";
				COPY_PHASE_STRIP = NO;
				DEBUG_INFORMATION_FORMAT = dwarf;
				ENABLE_STRICT_OBJC_MSGSEND = YES;
				ENABLE_TESTABILITY = YES;
				GCC_C_LANGUAGE_STANDARD = gnu11;
				GCC_DYNAMIC_NO_PIC = NO;
				GCC_NO_COMMON_BLOCKS = YES;
				GCC_OPTIMIZATION_LEVEL = 0;
				GCC_PREPROCESSOR_DEFINITIONS = (
					"DEBUG=1",
					"$(inherited)",
				);
				GCC_WARN_64_TO_32_BIT_CONVERSION = YES;
				GCC_WARN_ABOUT_RETURN_TYPE = YES_ERROR;
				GCC_WARN_UNDECLARED_SELECTOR = YES;
				GCC_WARN_UNINITIALIZED_AUTOS = YES_AGGRESSIVE;
				GCC_WARN_UNUSED_FUNCTION = YES;
				GCC_WARN_UNUSED_VARIABLE = YES;
				IPHONEOS_DEPLOYMENT_TARGET = 12.0;
				MTL_ENABLE_DEBUG_INFO = INCLUDE_SOURCE;
				MTL_FAST_MATH = YES;
				ONLY_ACTIVE_ARCH = YES;
				SDKROOT = iphoneos;
				SWIFT_ACTIVE_COMPILATION_CONDITIONS = DEBUG;
				SWIFT_OPTIMIZATION_LEVEL = "-Onone";
			};
			name = Debug;
		};
		D6859395215F54D900BA4511 /* Release */ = {
			isa = XCBuildConfiguration;
			buildSettings = {
				ALWAYS_SEARCH_USER_PATHS = NO;
				CLANG_ANALYZER_NONNULL = YES;
				CLANG_ANALYZER_NUMBER_OBJECT_CONVERSION = YES_AGGRESSIVE;
				CLANG_CXX_LANGUAGE_STANDARD = "gnu++14";
				CLANG_CXX_LIBRARY = "libc++";
				CLANG_ENABLE_MODULES = YES;
				CLANG_ENABLE_OBJC_ARC = YES;
				CLANG_ENABLE_OBJC_WEAK = YES;
				CLANG_WARN_BLOCK_CAPTURE_AUTORELEASING = YES;
				CLANG_WARN_BOOL_CONVERSION = YES;
				CLANG_WARN_COMMA = YES;
				CLANG_WARN_CONSTANT_CONVERSION = YES;
				CLANG_WARN_DEPRECATED_OBJC_IMPLEMENTATIONS = YES;
				CLANG_WARN_DIRECT_OBJC_ISA_USAGE = YES_ERROR;
				CLANG_WARN_DOCUMENTATION_COMMENTS = YES;
				CLANG_WARN_EMPTY_BODY = YES;
				CLANG_WARN_ENUM_CONVERSION = YES;
				CLANG_WARN_INFINITE_RECURSION = YES;
				CLANG_WARN_INT_CONVERSION = YES;
				CLANG_WARN_NON_LITERAL_NULL_CONVERSION = YES;
				CLANG_WARN_OBJC_IMPLICIT_RETAIN_SELF = YES;
				CLANG_WARN_OBJC_LITERAL_CONVERSION = YES;
				CLANG_WARN_OBJC_ROOT_CLASS = YES_ERROR;
				CLANG_WARN_RANGE_LOOP_ANALYSIS = YES;
				CLANG_WARN_STRICT_PROTOTYPES = YES;
				CLANG_WARN_SUSPICIOUS_MOVE = YES;
				CLANG_WARN_UNGUARDED_AVAILABILITY = YES_AGGRESSIVE;
				CLANG_WARN_UNREACHABLE_CODE = YES;
				CLANG_WARN__DUPLICATE_METHOD_MATCH = YES;
				CODE_SIGN_IDENTITY = "iPhone Developer";
				COPY_PHASE_STRIP = NO;
				DEBUG_INFORMATION_FORMAT = "dwarf-with-dsym";
				ENABLE_NS_ASSERTIONS = NO;
				ENABLE_STRICT_OBJC_MSGSEND = YES;
				GCC_C_LANGUAGE_STANDARD = gnu11;
				GCC_NO_COMMON_BLOCKS = YES;
				GCC_WARN_64_TO_32_BIT_CONVERSION = YES;
				GCC_WARN_ABOUT_RETURN_TYPE = YES_ERROR;
				GCC_WARN_UNDECLARED_SELECTOR = YES;
				GCC_WARN_UNINITIALIZED_AUTOS = YES_AGGRESSIVE;
				GCC_WARN_UNUSED_FUNCTION = YES;
				GCC_WARN_UNUSED_VARIABLE = YES;
				IPHONEOS_DEPLOYMENT_TARGET = 12.0;
				MTL_ENABLE_DEBUG_INFO = NO;
				MTL_FAST_MATH = YES;
				SDKROOT = iphoneos;
				SWIFT_COMPILATION_MODE = wholemodule;
				SWIFT_OPTIMIZATION_LEVEL = "-O";
				VALIDATE_PRODUCT = YES;
			};
			name = Release;
		};
		D6859397215F54D900BA4511 /* Debug */ = {
			isa = XCBuildConfiguration;
			buildSettings = {
				ASSETCATALOG_COMPILER_APPICON_NAME = AppIcon;
				CODE_SIGN_IDENTITY = "iPhone Developer";
				CODE_SIGN_STYLE = Automatic;
				DEVELOPMENT_TEAM = EMR59SFZRH;
				FRAMEWORK_SEARCH_PATHS = (
					"$(inherited)",
					"$(PROJECT_DIR)/Carthage/Build/iOS",
				);
				INFOPLIST_FILE = SimpleBudget/Info.plist;
				IPHONEOS_DEPLOYMENT_TARGET = 11.0;
				LD_RUNPATH_SEARCH_PATHS = (
					"$(inherited)",
					"@executable_path/Frameworks",
				);
				PRODUCT_BUNDLE_IDENTIFIER = io.khoi.SimpleBudget;
				PRODUCT_NAME = "$(TARGET_NAME)";
				PROVISIONING_PROFILE_SPECIFIER = "";
				SWIFT_VERSION = 4.2;
				TARGETED_DEVICE_FAMILY = "1,2";
			};
			name = Debug;
		};
		D6859398215F54D900BA4511 /* Release */ = {
			isa = XCBuildConfiguration;
			buildSettings = {
				ASSETCATALOG_COMPILER_APPICON_NAME = AppIcon;
				CODE_SIGN_IDENTITY = "iPhone Developer";
				CODE_SIGN_STYLE = Automatic;
				DEVELOPMENT_TEAM = EMR59SFZRH;
				FRAMEWORK_SEARCH_PATHS = (
					"$(inherited)",
					"$(PROJECT_DIR)/Carthage/Build/iOS",
				);
				INFOPLIST_FILE = SimpleBudget/Info.plist;
				IPHONEOS_DEPLOYMENT_TARGET = 11.0;
				LD_RUNPATH_SEARCH_PATHS = (
					"$(inherited)",
					"@executable_path/Frameworks",
				);
				PRODUCT_BUNDLE_IDENTIFIER = io.khoi.SimpleBudget;
				PRODUCT_NAME = "$(TARGET_NAME)";
				PROVISIONING_PROFILE_SPECIFIER = "";
				SWIFT_VERSION = 4.2;
				TARGETED_DEVICE_FAMILY = "1,2";
			};
			name = Release;
		};
		D685939A215F54D900BA4511 /* Debug */ = {
			isa = XCBuildConfiguration;
			buildSettings = {
				ALWAYS_EMBED_SWIFT_STANDARD_LIBRARIES = YES;
				BUNDLE_LOADER = "$(TEST_HOST)";
				CODE_SIGN_STYLE = Automatic;
				DEVELOPMENT_TEAM = EMR59SFZRH;
				INFOPLIST_FILE = SimpleBudgetTests/Info.plist;
				LD_RUNPATH_SEARCH_PATHS = (
					"$(inherited)",
					"@executable_path/Frameworks",
					"@loader_path/Frameworks",
				);
				PRODUCT_BUNDLE_IDENTIFIER = io.khoi.SimpleBudgetTests;
				PRODUCT_NAME = "$(TARGET_NAME)";
				SWIFT_VERSION = 4.2;
				TARGETED_DEVICE_FAMILY = "1,2";
				TEST_HOST = "$(BUILT_PRODUCTS_DIR)/SimpleBudget.app/SimpleBudget";
			};
			name = Debug;
		};
		D685939B215F54D900BA4511 /* Release */ = {
			isa = XCBuildConfiguration;
			buildSettings = {
				ALWAYS_EMBED_SWIFT_STANDARD_LIBRARIES = YES;
				BUNDLE_LOADER = "$(TEST_HOST)";
				CODE_SIGN_STYLE = Automatic;
				DEVELOPMENT_TEAM = EMR59SFZRH;
				INFOPLIST_FILE = SimpleBudgetTests/Info.plist;
				LD_RUNPATH_SEARCH_PATHS = (
					"$(inherited)",
					"@executable_path/Frameworks",
					"@loader_path/Frameworks",
				);
				PRODUCT_BUNDLE_IDENTIFIER = io.khoi.SimpleBudgetTests;
				PRODUCT_NAME = "$(TARGET_NAME)";
				SWIFT_VERSION = 4.2;
				TARGETED_DEVICE_FAMILY = "1,2";
				TEST_HOST = "$(BUILT_PRODUCTS_DIR)/SimpleBudget.app/SimpleBudget";
			};
			name = Release;
		};
/* End XCBuildConfiguration section */

/* Begin XCConfigurationList section */
		D6859374215F54D800BA4511 /* Build configuration list for PBXProject "SimpleBudget" */ = {
			isa = XCConfigurationList;
			buildConfigurations = (
				D6859394215F54D900BA4511 /* Debug */,
				D6859395215F54D900BA4511 /* Release */,
			);
			defaultConfigurationIsVisible = 0;
			defaultConfigurationName = Release;
		};
		D6859396215F54D900BA4511 /* Build configuration list for PBXNativeTarget "SimpleBudget" */ = {
			isa = XCConfigurationList;
			buildConfigurations = (
				D6859397215F54D900BA4511 /* Debug */,
				D6859398215F54D900BA4511 /* Release */,
			);
			defaultConfigurationIsVisible = 0;
			defaultConfigurationName = Release;
		};
		D6859399215F54D900BA4511 /* Build configuration list for PBXNativeTarget "SimpleBudgetTests" */ = {
			isa = XCConfigurationList;
			buildConfigurations = (
				D685939A215F54D900BA4511 /* Debug */,
				D685939B215F54D900BA4511 /* Release */,
			);
			defaultConfigurationIsVisible = 0;
			defaultConfigurationName = Release;
		};
/* End XCConfigurationList section */
	};
	rootObject = D6859371215F54D800BA4511 /* Project object */;
}
