// !$*UTF8*$!
{
	archiveVersion = 1;
	classes = {
	};
	objectVersion = 50;
	objects = {

/* Begin PBXBuildFile section */
		2CCEE911217448AD00B7C054 /* AddCategoryViewModel.swift in Sources */ = {isa = PBXBuildFile; fileRef = 2CCEE910217448AD00B7C054 /* AddCategoryViewModel.swift */; };
		2CCEE913217448BC00B7C054 /* AddCategoryViewController.swift in Sources */ = {isa = PBXBuildFile; fileRef = 2CCEE912217448BB00B7C054 /* AddCategoryViewController.swift */; };
		2CCEE915217448D100B7C054 /* AddCategoryViewController.xib in Resources */ = {isa = PBXBuildFile; fileRef = 2CCEE914217448D100B7C054 /* AddCategoryViewController.xib */; };
		2D50F09F2167C5FD00FFFD42 /* AddTransactionViewModel.swift in Sources */ = {isa = PBXBuildFile; fileRef = 2D50F09E2167C5FD00FFFD42 /* AddTransactionViewModel.swift */; };
		2D50F0A22167C64B00FFFD42 /* AddTransactionViewController.swift in Sources */ = {isa = PBXBuildFile; fileRef = 2D50F0A02167C64B00FFFD42 /* AddTransactionViewController.swift */; };
		2D50F0A32167C64B00FFFD42 /* AddTransactionViewController.xib in Resources */ = {isa = PBXBuildFile; fileRef = 2D50F0A12167C64B00FFFD42 /* AddTransactionViewController.xib */; };
		3237F88CC8DFEED5F3A307EF /* AppStep.swift in Sources */ = {isa = PBXBuildFile; fileRef = 3237FA16B13ED4A2E89245AA /* AppStep.swift */; };
		3237FBC3F2F528F34A7FA796 /* BudgetFlow.swift in Sources */ = {isa = PBXBuildFile; fileRef = 3237F31B569E1697CAD95BA5 /* BudgetFlow.swift */; };
		3237FCC8D611947342E32C72 /* WalletListViewController.swift in Sources */ = {isa = PBXBuildFile; fileRef = 3237F560C25EBF206D0038F8 /* WalletListViewController.swift */; };
		3237FDDDC0AE8C2AD6730100 /* WalletListViewModel.swift in Sources */ = {isa = PBXBuildFile; fileRef = 3237FDBCB1291AE8F81304E5 /* WalletListViewModel.swift */; };
		D60D17D6216522C4001964A9 /* Nimble.framework in Frameworks */ = {isa = PBXBuildFile; fileRef = D60D17D4216522C4001964A9 /* Nimble.framework */; };
		D60D17D7216522C4001964A9 /* Quick.framework in Frameworks */ = {isa = PBXBuildFile; fileRef = D60D17D5216522C4001964A9 /* Quick.framework */; };
		D60D17D921652347001964A9 /* RxBlocking.framework in Frameworks */ = {isa = PBXBuildFile; fileRef = D60D17D821652347001964A9 /* RxBlocking.framework */; };
		D60D17DC216523AB001964A9 /* RxBlocking.framework in Carthage */ = {isa = PBXBuildFile; fileRef = D60D17D821652347001964A9 /* RxBlocking.framework */; settings = {ATTRIBUTES = (CodeSignOnCopy, RemoveHeadersOnCopy, ); }; };
		D60D17DD216523AB001964A9 /* Nimble.framework in Carthage */ = {isa = PBXBuildFile; fileRef = D60D17D4216522C4001964A9 /* Nimble.framework */; settings = {ATTRIBUTES = (CodeSignOnCopy, RemoveHeadersOnCopy, ); }; };
		D60D17DE216523AB001964A9 /* Quick.framework in Carthage */ = {isa = PBXBuildFile; fileRef = D60D17D5216522C4001964A9 /* Quick.framework */; settings = {ATTRIBUTES = (CodeSignOnCopy, RemoveHeadersOnCopy, ); }; };
		D6301B75216F8A2200051102 /* BaseEntity.swift in Sources */ = {isa = PBXBuildFile; fileRef = D6301B74216F8A2200051102 /* BaseEntity.swift */; };
		D6301B77216F8A5D00051102 /* BaseEntity+RxDataSources.swift in Sources */ = {isa = PBXBuildFile; fileRef = D6301B76216F8A5D00051102 /* BaseEntity+RxDataSources.swift */; };
		D6301B7A216F8C5000051102 /* Transaction+RxDataSources.swift in Sources */ = {isa = PBXBuildFile; fileRef = D6301B78216F8C5000051102 /* Transaction+RxDataSources.swift */; };
		D6301B7B216F8C5000051102 /* Wallet+RxDataSources.swift in Sources */ = {isa = PBXBuildFile; fileRef = D6301B79216F8C5000051102 /* Wallet+RxDataSources.swift */; };
		D6301B7D216F8C8600051102 /* Category+RxDataSources.swift in Sources */ = {isa = PBXBuildFile; fileRef = D6301B7C216F8C8600051102 /* Category+RxDataSources.swift */; };
		D6301B84216F90DA00051102 /* CategorySelectionTableViewCell.swift in Sources */ = {isa = PBXBuildFile; fileRef = D6301B82216F90DA00051102 /* CategorySelectionTableViewCell.swift */; };
		D6301B85216F90DA00051102 /* CategorySelectionTableViewCell.xib in Resources */ = {isa = PBXBuildFile; fileRef = D6301B83216F90DA00051102 /* CategorySelectionTableViewCell.xib */; };
		D64187A4215F5920009814F1 /* RxSwift.framework in Frameworks */ = {isa = PBXBuildFile; fileRef = D64187A0215F5920009814F1 /* RxSwift.framework */; };
		D64187A5215F5920009814F1 /* RxCocoa.framework in Frameworks */ = {isa = PBXBuildFile; fileRef = D64187A1215F5920009814F1 /* RxCocoa.framework */; };
		D64187A6215F5920009814F1 /* Realm.framework in Frameworks */ = {isa = PBXBuildFile; fileRef = D64187A2215F5920009814F1 /* Realm.framework */; };
		D64187A7215F5920009814F1 /* RealmSwift.framework in Frameworks */ = {isa = PBXBuildFile; fileRef = D64187A3215F5920009814F1 /* RealmSwift.framework */; };
		D64187AA215F59E3009814F1 /* Wallet.swift in Sources */ = {isa = PBXBuildFile; fileRef = D64187A9215F59E3009814F1 /* Wallet.swift */; };
		D64187AC215F5DA2009814F1 /* Transaction.swift in Sources */ = {isa = PBXBuildFile; fileRef = D64187AB215F5DA2009814F1 /* Transaction.swift */; };
		D64187B4215F6FA7009814F1 /* RxFlow.framework in Frameworks */ = {isa = PBXBuildFile; fileRef = D64187B2215F6FA7009814F1 /* RxFlow.framework */; };
		D64187B5215F6FA7009814F1 /* NSObject_Rx.framework in Frameworks */ = {isa = PBXBuildFile; fileRef = D64187B3215F6FA7009814F1 /* NSObject_Rx.framework */; };
		D6655610216E4B0100E9C21D /* CategorySelectionViewModel.swift in Sources */ = {isa = PBXBuildFile; fileRef = D665560F216E4B0100E9C21D /* CategorySelectionViewModel.swift */; };
		D6655613216E4B1D00E9C21D /* CategorySelectionViewController.swift in Sources */ = {isa = PBXBuildFile; fileRef = D6655611216E4B1D00E9C21D /* CategorySelectionViewController.swift */; };
		D6655614216E4B1D00E9C21D /* CategorySelectionViewController.xib in Resources */ = {isa = PBXBuildFile; fileRef = D6655612216E4B1D00E9C21D /* CategorySelectionViewController.xib */; };
		D66761182163C51800B07870 /* CreateWalletViewController.swift in Sources */ = {isa = PBXBuildFile; fileRef = D66761162163C51800B07870 /* CreateWalletViewController.swift */; };
		D66761192163C51800B07870 /* CreateWalletViewController.xib in Resources */ = {isa = PBXBuildFile; fileRef = D66761172163C51800B07870 /* CreateWalletViewController.xib */; };
		D6681A4F216A451600214D1E /* CreateWalletViewModel.swift in Sources */ = {isa = PBXBuildFile; fileRef = D6681A4E216A451600214D1E /* CreateWalletViewModel.swift */; };
		D6681A51216A48E300214D1E /* Category.swift in Sources */ = {isa = PBXBuildFile; fileRef = D6681A50216A48E300214D1E /* Category.swift */; };
		D676A7DE2171A2350074FAF0 /* Observable+Optional.swift in Sources */ = {isa = PBXBuildFile; fileRef = D676A7DD2171A2350074FAF0 /* Observable+Optional.swift */; };
		D68103C32167761F009584E3 /* TransactionListViewModel.swift in Sources */ = {isa = PBXBuildFile; fileRef = D68103C22167761F009584E3 /* TransactionListViewModel.swift */; };
		D68103C6216776CA009584E3 /* TransactionListViewController.swift in Sources */ = {isa = PBXBuildFile; fileRef = D68103C4216776CA009584E3 /* TransactionListViewController.swift */; };
		D68103C7216776CA009584E3 /* TransactionListViewController.xib in Resources */ = {isa = PBXBuildFile; fileRef = D68103C5216776CA009584E3 /* TransactionListViewController.xib */; };
		D68103CA21677A2E009584E3 /* TransactionListTableViewCell.swift in Sources */ = {isa = PBXBuildFile; fileRef = D68103C821677A2E009584E3 /* TransactionListTableViewCell.swift */; };
		D68103CB21677A2E009584E3 /* TransactionListTableViewCell.xib in Resources */ = {isa = PBXBuildFile; fileRef = D68103C921677A2E009584E3 /* TransactionListTableViewCell.xib */; };
		D685937D215F54D800BA4511 /* AppDelegate.swift in Sources */ = {isa = PBXBuildFile; fileRef = D685937C215F54D800BA4511 /* AppDelegate.swift */; };
		D6859384215F54D900BA4511 /* Assets.xcassets in Resources */ = {isa = PBXBuildFile; fileRef = D6859383215F54D900BA4511 /* Assets.xcassets */; };
		D6859387215F54D900BA4511 /* LaunchScreen.storyboard in Resources */ = {isa = PBXBuildFile; fileRef = D6859385215F54D900BA4511 /* LaunchScreen.storyboard */; };
		D6859392215F54D900BA4511 /* SimpleBudgetTests.swift in Sources */ = {isa = PBXBuildFile; fileRef = D6859391215F54D900BA4511 /* SimpleBudgetTests.swift */; };
		D6A03E8D2166363900F07CAC /* Observable+ActivityIndicator.swift in Sources */ = {isa = PBXBuildFile; fileRef = D6A03E8C2166363900F07CAC /* Observable+ActivityIndicator.swift */; };
		D6A1FE632160661700A5F07D /* AppFlow.swift in Sources */ = {isa = PBXBuildFile; fileRef = D6A1FE622160661700A5F07D /* AppFlow.swift */; };
		D6A39BBE216070C600D4643F /* Action.framework in Frameworks */ = {isa = PBXBuildFile; fileRef = D6A39BBD216070C600D4643F /* Action.framework */; };
		D6A39BC02160739000D4643F /* PersistenceService.swift in Sources */ = {isa = PBXBuildFile; fileRef = D6A39BBF2160739000D4643F /* PersistenceService.swift */; };
		D6A39BC3216078B000D4643F /* Reusable.swift in Sources */ = {isa = PBXBuildFile; fileRef = D6A39BC2216078B000D4643F /* Reusable.swift */; };
		D6A39BC62160790C00D4643F /* UITableView+Reusable.swift in Sources */ = {isa = PBXBuildFile; fileRef = D6A39BC52160790C00D4643F /* UITableView+Reusable.swift */; };
		D6A39BCB216079CA00D4643F /* WalletListTableViewCell.swift in Sources */ = {isa = PBXBuildFile; fileRef = D6A39BC9216079CA00D4643F /* WalletListTableViewCell.swift */; };
		D6A39BCC216079CA00D4643F /* WalletListTableViewCell.xib in Resources */ = {isa = PBXBuildFile; fileRef = D6A39BCA216079CA00D4643F /* WalletListTableViewCell.xib */; };
		D6CCC46721607F480084BB36 /* Differentiator.framework in Frameworks */ = {isa = PBXBuildFile; fileRef = D6CCC46521607F480084BB36 /* Differentiator.framework */; };
		D6CCC46821607F480084BB36 /* RxDataSources.framework in Frameworks */ = {isa = PBXBuildFile; fileRef = D6CCC46621607F480084BB36 /* RxDataSources.framework */; };
		D6CCC46A216080A80084BB36 /* Bindable.swift in Sources */ = {isa = PBXBuildFile; fileRef = D6CCC469216080A80084BB36 /* Bindable.swift */; };
		D6CCC46C216086150084BB36 /* NibLoadableView.swift in Sources */ = {isa = PBXBuildFile; fileRef = D6CCC46B216086150084BB36 /* NibLoadableView.swift */; };
/* End PBXBuildFile section */

/* Begin PBXContainerItemProxy section */
		D685938E215F54D900BA4511 /* PBXContainerItemProxy */ = {
			isa = PBXContainerItemProxy;
			containerPortal = D6859371215F54D800BA4511 /* Project object */;
			proxyType = 1;
			remoteGlobalIDString = D6859378215F54D800BA4511;
			remoteInfo = SimpleBudget;
		};
/* End PBXContainerItemProxy section */

/* Begin PBXCopyFilesBuildPhase section */
		D60D17DB21652395001964A9 /* Carthage */ = {
			isa = PBXCopyFilesBuildPhase;
			buildActionMask = 2147483647;
			dstPath = "";
			dstSubfolderSpec = 10;
			files = (
				D60D17DC216523AB001964A9 /* RxBlocking.framework in Carthage */,
				D60D17DD216523AB001964A9 /* Nimble.framework in Carthage */,
				D60D17DE216523AB001964A9 /* Quick.framework in Carthage */,
			);
			name = Carthage;
			runOnlyForDeploymentPostprocessing = 0;
		};
/* End PBXCopyFilesBuildPhase section */

/* Begin PBXFileReference section */
		2CCEE910217448AD00B7C054 /* AddCategoryViewModel.swift */ = {isa = PBXFileReference; lastKnownFileType = sourcecode.swift; path = AddCategoryViewModel.swift; sourceTree = "<group>"; };
		2CCEE912217448BB00B7C054 /* AddCategoryViewController.swift */ = {isa = PBXFileReference; lastKnownFileType = sourcecode.swift; path = AddCategoryViewController.swift; sourceTree = "<group>"; };
		2CCEE914217448D100B7C054 /* AddCategoryViewController.xib */ = {isa = PBXFileReference; lastKnownFileType = file.xib; path = AddCategoryViewController.xib; sourceTree = "<group>"; };
		2D50F09E2167C5FD00FFFD42 /* AddTransactionViewModel.swift */ = {isa = PBXFileReference; lastKnownFileType = sourcecode.swift; path = AddTransactionViewModel.swift; sourceTree = "<group>"; };
		2D50F0A02167C64B00FFFD42 /* AddTransactionViewController.swift */ = {isa = PBXFileReference; lastKnownFileType = sourcecode.swift; path = AddTransactionViewController.swift; sourceTree = "<group>"; };
		2D50F0A12167C64B00FFFD42 /* AddTransactionViewController.xib */ = {isa = PBXFileReference; lastKnownFileType = file.xib; path = AddTransactionViewController.xib; sourceTree = "<group>"; };
		3237F31B569E1697CAD95BA5 /* BudgetFlow.swift */ = {isa = PBXFileReference; fileEncoding = 4; lastKnownFileType = sourcecode.swift; path = BudgetFlow.swift; sourceTree = "<group>"; };
		3237F560C25EBF206D0038F8 /* WalletListViewController.swift */ = {isa = PBXFileReference; fileEncoding = 4; lastKnownFileType = sourcecode.swift; path = WalletListViewController.swift; sourceTree = "<group>"; };
		3237FA16B13ED4A2E89245AA /* AppStep.swift */ = {isa = PBXFileReference; fileEncoding = 4; lastKnownFileType = sourcecode.swift; path = AppStep.swift; sourceTree = "<group>"; };
		3237FDBCB1291AE8F81304E5 /* WalletListViewModel.swift */ = {isa = PBXFileReference; fileEncoding = 4; lastKnownFileType = sourcecode.swift; path = WalletListViewModel.swift; sourceTree = "<group>"; };
		D60D17D4216522C4001964A9 /* Nimble.framework */ = {isa = PBXFileReference; lastKnownFileType = wrapper.framework; name = Nimble.framework; path = Carthage/Build/iOS/Nimble.framework; sourceTree = "<group>"; };
		D60D17D5216522C4001964A9 /* Quick.framework */ = {isa = PBXFileReference; lastKnownFileType = wrapper.framework; name = Quick.framework; path = Carthage/Build/iOS/Quick.framework; sourceTree = "<group>"; };
		D60D17D821652347001964A9 /* RxBlocking.framework */ = {isa = PBXFileReference; lastKnownFileType = wrapper.framework; name = RxBlocking.framework; path = Carthage/Build/iOS/RxBlocking.framework; sourceTree = "<group>"; };
		D6301B74216F8A2200051102 /* BaseEntity.swift */ = {isa = PBXFileReference; lastKnownFileType = sourcecode.swift; path = BaseEntity.swift; sourceTree = "<group>"; };
		D6301B76216F8A5D00051102 /* BaseEntity+RxDataSources.swift */ = {isa = PBXFileReference; lastKnownFileType = sourcecode.swift; path = "BaseEntity+RxDataSources.swift"; sourceTree = "<group>"; };
		D6301B78216F8C5000051102 /* Transaction+RxDataSources.swift */ = {isa = PBXFileReference; fileEncoding = 4; lastKnownFileType = sourcecode.swift; path = "Transaction+RxDataSources.swift"; sourceTree = "<group>"; };
		D6301B79216F8C5000051102 /* Wallet+RxDataSources.swift */ = {isa = PBXFileReference; fileEncoding = 4; lastKnownFileType = sourcecode.swift; path = "Wallet+RxDataSources.swift"; sourceTree = "<group>"; };
		D6301B7C216F8C8600051102 /* Category+RxDataSources.swift */ = {isa = PBXFileReference; lastKnownFileType = sourcecode.swift; path = "Category+RxDataSources.swift"; sourceTree = "<group>"; };
		D6301B82216F90DA00051102 /* CategorySelectionTableViewCell.swift */ = {isa = PBXFileReference; lastKnownFileType = sourcecode.swift; path = CategorySelectionTableViewCell.swift; sourceTree = "<group>"; };
		D6301B83216F90DA00051102 /* CategorySelectionTableViewCell.xib */ = {isa = PBXFileReference; lastKnownFileType = file.xib; path = CategorySelectionTableViewCell.xib; sourceTree = "<group>"; };
		D64187A0215F5920009814F1 /* RxSwift.framework */ = {isa = PBXFileReference; lastKnownFileType = wrapper.framework; name = RxSwift.framework; path = Carthage/Build/iOS/RxSwift.framework; sourceTree = "<group>"; };
		D64187A1215F5920009814F1 /* RxCocoa.framework */ = {isa = PBXFileReference; lastKnownFileType = wrapper.framework; name = RxCocoa.framework; path = Carthage/Build/iOS/RxCocoa.framework; sourceTree = "<group>"; };
		D64187A2215F5920009814F1 /* Realm.framework */ = {isa = PBXFileReference; lastKnownFileType = wrapper.framework; name = Realm.framework; path = Carthage/Build/iOS/Realm.framework; sourceTree = "<group>"; };
		D64187A3215F5920009814F1 /* RealmSwift.framework */ = {isa = PBXFileReference; lastKnownFileType = wrapper.framework; name = RealmSwift.framework; path = Carthage/Build/iOS/RealmSwift.framework; sourceTree = "<group>"; };
		D64187A9215F59E3009814F1 /* Wallet.swift */ = {isa = PBXFileReference; lastKnownFileType = sourcecode.swift; path = Wallet.swift; sourceTree = "<group>"; };
		D64187AB215F5DA2009814F1 /* Transaction.swift */ = {isa = PBXFileReference; lastKnownFileType = sourcecode.swift; path = Transaction.swift; sourceTree = "<group>"; };
		D64187B2215F6FA7009814F1 /* RxFlow.framework */ = {isa = PBXFileReference; lastKnownFileType = wrapper.framework; name = RxFlow.framework; path = Carthage/Build/iOS/RxFlow.framework; sourceTree = "<group>"; };
		D64187B3215F6FA7009814F1 /* NSObject_Rx.framework */ = {isa = PBXFileReference; lastKnownFileType = wrapper.framework; name = NSObject_Rx.framework; path = Carthage/Build/iOS/NSObject_Rx.framework; sourceTree = "<group>"; };
		D665560F216E4B0100E9C21D /* CategorySelectionViewModel.swift */ = {isa = PBXFileReference; lastKnownFileType = sourcecode.swift; path = CategorySelectionViewModel.swift; sourceTree = "<group>"; };
		D6655611216E4B1D00E9C21D /* CategorySelectionViewController.swift */ = {isa = PBXFileReference; lastKnownFileType = sourcecode.swift; path = CategorySelectionViewController.swift; sourceTree = "<group>"; };
		D6655612216E4B1D00E9C21D /* CategorySelectionViewController.xib */ = {isa = PBXFileReference; lastKnownFileType = file.xib; path = CategorySelectionViewController.xib; sourceTree = "<group>"; };
		D66761162163C51800B07870 /* CreateWalletViewController.swift */ = {isa = PBXFileReference; lastKnownFileType = sourcecode.swift; path = CreateWalletViewController.swift; sourceTree = "<group>"; };
		D66761172163C51800B07870 /* CreateWalletViewController.xib */ = {isa = PBXFileReference; lastKnownFileType = file.xib; path = CreateWalletViewController.xib; sourceTree = "<group>"; };
		D6681A4E216A451600214D1E /* CreateWalletViewModel.swift */ = {isa = PBXFileReference; fileEncoding = 4; lastKnownFileType = sourcecode.swift; path = CreateWalletViewModel.swift; sourceTree = "<group>"; };
		D6681A50216A48E300214D1E /* Category.swift */ = {isa = PBXFileReference; fileEncoding = 4; lastKnownFileType = sourcecode.swift; path = Category.swift; sourceTree = "<group>"; };
		D676A7DD2171A2350074FAF0 /* Observable+Optional.swift */ = {isa = PBXFileReference; lastKnownFileType = sourcecode.swift; path = "Observable+Optional.swift"; sourceTree = "<group>"; };
		D68103C22167761F009584E3 /* TransactionListViewModel.swift */ = {isa = PBXFileReference; lastKnownFileType = sourcecode.swift; path = TransactionListViewModel.swift; sourceTree = "<group>"; };
		D68103C4216776CA009584E3 /* TransactionListViewController.swift */ = {isa = PBXFileReference; lastKnownFileType = sourcecode.swift; path = TransactionListViewController.swift; sourceTree = "<group>"; };
		D68103C5216776CA009584E3 /* TransactionListViewController.xib */ = {isa = PBXFileReference; lastKnownFileType = file.xib; path = TransactionListViewController.xib; sourceTree = "<group>"; };
		D68103C821677A2E009584E3 /* TransactionListTableViewCell.swift */ = {isa = PBXFileReference; lastKnownFileType = sourcecode.swift; path = TransactionListTableViewCell.swift; sourceTree = "<group>"; };
		D68103C921677A2E009584E3 /* TransactionListTableViewCell.xib */ = {isa = PBXFileReference; lastKnownFileType = file.xib; path = TransactionListTableViewCell.xib; sourceTree = "<group>"; };
		D6859379215F54D800BA4511 /* SimpleBudget.app */ = {isa = PBXFileReference; explicitFileType = wrapper.application; includeInIndex = 0; path = SimpleBudget.app; sourceTree = BUILT_PRODUCTS_DIR; };
		D685937C215F54D800BA4511 /* AppDelegate.swift */ = {isa = PBXFileReference; lastKnownFileType = sourcecode.swift; path = AppDelegate.swift; sourceTree = "<group>"; };
		D6859383215F54D900BA4511 /* Assets.xcassets */ = {isa = PBXFileReference; lastKnownFileType = folder.assetcatalog; path = Assets.xcassets; sourceTree = "<group>"; };
		D6859386215F54D900BA4511 /* Base */ = {isa = PBXFileReference; lastKnownFileType = file.storyboard; name = Base; path = Base.lproj/LaunchScreen.storyboard; sourceTree = "<group>"; };
		D6859388215F54D900BA4511 /* Info.plist */ = {isa = PBXFileReference; lastKnownFileType = text.plist.xml; path = Info.plist; sourceTree = "<group>"; };
		D685938D215F54D900BA4511 /* SimpleBudgetTests.xctest */ = {isa = PBXFileReference; explicitFileType = wrapper.cfbundle; includeInIndex = 0; path = SimpleBudgetTests.xctest; sourceTree = BUILT_PRODUCTS_DIR; };
		D6859391215F54D900BA4511 /* SimpleBudgetTests.swift */ = {isa = PBXFileReference; lastKnownFileType = sourcecode.swift; path = SimpleBudgetTests.swift; sourceTree = "<group>"; };
		D6859393215F54D900BA4511 /* Info.plist */ = {isa = PBXFileReference; lastKnownFileType = text.plist.xml; path = Info.plist; sourceTree = "<group>"; };
		D6A03E8C2166363900F07CAC /* Observable+ActivityIndicator.swift */ = {isa = PBXFileReference; lastKnownFileType = sourcecode.swift; path = "Observable+ActivityIndicator.swift"; sourceTree = "<group>"; };
		D6A1FE622160661700A5F07D /* AppFlow.swift */ = {isa = PBXFileReference; lastKnownFileType = sourcecode.swift; path = AppFlow.swift; sourceTree = "<group>"; };
		D6A39BBD216070C600D4643F /* Action.framework */ = {isa = PBXFileReference; lastKnownFileType = wrapper.framework; name = Action.framework; path = Carthage/Build/iOS/Action.framework; sourceTree = "<group>"; };
		D6A39BBF2160739000D4643F /* PersistenceService.swift */ = {isa = PBXFileReference; lastKnownFileType = sourcecode.swift; path = PersistenceService.swift; sourceTree = "<group>"; };
		D6A39BC2216078B000D4643F /* Reusable.swift */ = {isa = PBXFileReference; lastKnownFileType = sourcecode.swift; path = Reusable.swift; sourceTree = "<group>"; };
		D6A39BC52160790C00D4643F /* UITableView+Reusable.swift */ = {isa = PBXFileReference; lastKnownFileType = sourcecode.swift; path = "UITableView+Reusable.swift"; sourceTree = "<group>"; };
		D6A39BC9216079CA00D4643F /* WalletListTableViewCell.swift */ = {isa = PBXFileReference; lastKnownFileType = sourcecode.swift; path = WalletListTableViewCell.swift; sourceTree = "<group>"; };
		D6A39BCA216079CA00D4643F /* WalletListTableViewCell.xib */ = {isa = PBXFileReference; lastKnownFileType = file.xib; path = WalletListTableViewCell.xib; sourceTree = "<group>"; };
		D6CCC46521607F480084BB36 /* Differentiator.framework */ = {isa = PBXFileReference; lastKnownFileType = wrapper.framework; name = Differentiator.framework; path = Carthage/Build/iOS/Differentiator.framework; sourceTree = "<group>"; };
		D6CCC46621607F480084BB36 /* RxDataSources.framework */ = {isa = PBXFileReference; lastKnownFileType = wrapper.framework; name = RxDataSources.framework; path = Carthage/Build/iOS/RxDataSources.framework; sourceTree = "<group>"; };
		D6CCC469216080A80084BB36 /* Bindable.swift */ = {isa = PBXFileReference; lastKnownFileType = sourcecode.swift; path = Bindable.swift; sourceTree = "<group>"; };
		D6CCC46B216086150084BB36 /* NibLoadableView.swift */ = {isa = PBXFileReference; lastKnownFileType = sourcecode.swift; path = NibLoadableView.swift; sourceTree = "<group>"; };
/* End PBXFileReference section */

/* Begin PBXFrameworksBuildPhase section */
		D6859376215F54D800BA4511 /* Frameworks */ = {
			isa = PBXFrameworksBuildPhase;
			buildActionMask = 2147483647;
			files = (
				D64187B4215F6FA7009814F1 /* RxFlow.framework in Frameworks */,
				D64187B5215F6FA7009814F1 /* NSObject_Rx.framework in Frameworks */,
				D64187A4215F5920009814F1 /* RxSwift.framework in Frameworks */,
				D64187A5215F5920009814F1 /* RxCocoa.framework in Frameworks */,
				D64187A6215F5920009814F1 /* Realm.framework in Frameworks */,
				D6A39BBE216070C600D4643F /* Action.framework in Frameworks */,
				D64187A7215F5920009814F1 /* RealmSwift.framework in Frameworks */,
				D6CCC46721607F480084BB36 /* Differentiator.framework in Frameworks */,
				D6CCC46821607F480084BB36 /* RxDataSources.framework in Frameworks */,
			);
			runOnlyForDeploymentPostprocessing = 0;
		};
		D685938A215F54D900BA4511 /* Frameworks */ = {
			isa = PBXFrameworksBuildPhase;
			buildActionMask = 2147483647;
			files = (
				D60D17D6216522C4001964A9 /* Nimble.framework in Frameworks */,
				D60D17D7216522C4001964A9 /* Quick.framework in Frameworks */,
				D60D17D921652347001964A9 /* RxBlocking.framework in Frameworks */,
			);
			runOnlyForDeploymentPostprocessing = 0;
		};
/* End PBXFrameworksBuildPhase section */

/* Begin PBXGroup section */
		2CCEE90F2174489700B7C054 /* AddCategory */ = {
			isa = PBXGroup;
			children = (
				2CCEE910217448AD00B7C054 /* AddCategoryViewModel.swift */,
				2CCEE912217448BB00B7C054 /* AddCategoryViewController.swift */,
				2CCEE914217448D100B7C054 /* AddCategoryViewController.xib */,
			);
			path = AddCategory;
			sourceTree = "<group>";
		};
		2D50F09D2167C5C900FFFD42 /* AddTransaction */ = {
			isa = PBXGroup;
			children = (
				2D50F0A02167C64B00FFFD42 /* AddTransactionViewController.swift */,
				2D50F0A12167C64B00FFFD42 /* AddTransactionViewController.xib */,
				2D50F09E2167C5FD00FFFD42 /* AddTransactionViewModel.swift */,
			);
			path = AddTransaction;
			sourceTree = "<group>";
		};
		3237F82C6AE72AEE9FAD14EB /* Scene */ = {
			isa = PBXGroup;
			children = (
				2CCEE90F2174489700B7C054 /* AddCategory */,
				D665560E216E4AEE00E9C21D /* CategorySelection */,
				2D50F09D2167C5C900FFFD42 /* AddTransaction */,
				3237FCB638AABA51B2BC5B3A /* WalletList */,
				D667610D2163BBED00B07870 /* CreateWallet */,
				D68103C121677611009584E3 /* TransactionList */,
			);
			path = Scene;
			sourceTree = "<group>";
		};
		3237FCB638AABA51B2BC5B3A /* WalletList */ = {
			isa = PBXGroup;
			children = (
				D6301B79216F8C5000051102 /* Wallet+RxDataSources.swift */,
				3237F560C25EBF206D0038F8 /* WalletListViewController.swift */,
				3237FDBCB1291AE8F81304E5 /* WalletListViewModel.swift */,
				D6A39BC9216079CA00D4643F /* WalletListTableViewCell.swift */,
				D6A39BCA216079CA00D4643F /* WalletListTableViewCell.xib */,
			);
			path = WalletList;
			sourceTree = "<group>";
		};
		D641879F215F5920009814F1 /* Frameworks */ = {
			isa = PBXGroup;
			children = (
				D60D17D821652347001964A9 /* RxBlocking.framework */,
				D60D17D4216522C4001964A9 /* Nimble.framework */,
				D60D17D5216522C4001964A9 /* Quick.framework */,
				D6CCC46521607F480084BB36 /* Differentiator.framework */,
				D6CCC46621607F480084BB36 /* RxDataSources.framework */,
				D6A39BBD216070C600D4643F /* Action.framework */,
				D64187B3215F6FA7009814F1 /* NSObject_Rx.framework */,
				D64187B2215F6FA7009814F1 /* RxFlow.framework */,
				D64187A2215F5920009814F1 /* Realm.framework */,
				D64187A3215F5920009814F1 /* RealmSwift.framework */,
				D64187A1215F5920009814F1 /* RxCocoa.framework */,
				D64187A0215F5920009814F1 /* RxSwift.framework */,
			);
			name = Frameworks;
			sourceTree = "<group>";
		};
		D64187A8215F59D2009814F1 /* Entities */ = {
			isa = PBXGroup;
			children = (
				D6681A50216A48E300214D1E /* Category.swift */,
				D64187A9215F59E3009814F1 /* Wallet.swift */,
				D64187AB215F5DA2009814F1 /* Transaction.swift */,
				D6301B74216F8A2200051102 /* BaseEntity.swift */,
				D6301B76216F8A5D00051102 /* BaseEntity+RxDataSources.swift */,
			);
			path = Entities;
			sourceTree = "<group>";
		};
		D665560E216E4AEE00E9C21D /* CategorySelection */ = {
			isa = PBXGroup;
			children = (
				D6301B7C216F8C8600051102 /* Category+RxDataSources.swift */,
				D665560F216E4B0100E9C21D /* CategorySelectionViewModel.swift */,
				D6655611216E4B1D00E9C21D /* CategorySelectionViewController.swift */,
				D6655612216E4B1D00E9C21D /* CategorySelectionViewController.xib */,
				D6301B82216F90DA00051102 /* CategorySelectionTableViewCell.swift */,
				D6301B83216F90DA00051102 /* CategorySelectionTableViewCell.xib */,
			);
			path = CategorySelection;
			sourceTree = "<group>";
		};
		D667610D2163BBED00B07870 /* CreateWallet */ = {
			isa = PBXGroup;
			children = (
				D6681A4E216A451600214D1E /* CreateWalletViewModel.swift */,
				D66761162163C51800B07870 /* CreateWalletViewController.swift */,
				D66761172163C51800B07870 /* CreateWalletViewController.xib */,
			);
			path = CreateWallet;
			sourceTree = "<group>";
		};
		D68103C121677611009584E3 /* TransactionList */ = {
			isa = PBXGroup;
			children = (
				D6301B78216F8C5000051102 /* Transaction+RxDataSources.swift */,
				D68103C22167761F009584E3 /* TransactionListViewModel.swift */,
				D68103C4216776CA009584E3 /* TransactionListViewController.swift */,
				D68103C5216776CA009584E3 /* TransactionListViewController.xib */,
				D68103C821677A2E009584E3 /* TransactionListTableViewCell.swift */,
				D68103C921677A2E009584E3 /* TransactionListTableViewCell.xib */,
			);
			path = TransactionList;
			sourceTree = "<group>";
		};
		D6859370215F54D800BA4511 = {
			isa = PBXGroup;
			children = (
				D685937B215F54D800BA4511 /* SimpleBudget */,
				D6859390215F54D900BA4511 /* SimpleBudgetTests */,
				D685937A215F54D800BA4511 /* Products */,
				D641879F215F5920009814F1 /* Frameworks */,
			);
			sourceTree = "<group>";
		};
		D685937A215F54D800BA4511 /* Products */ = {
			isa = PBXGroup;
			children = (
				D6859379215F54D800BA4511 /* SimpleBudget.app */,
				D685938D215F54D900BA4511 /* SimpleBudgetTests.xctest */,
			);
			name = Products;
			sourceTree = "<group>";
		};
		D685937B215F54D800BA4511 /* SimpleBudget */ = {
			isa = PBXGroup;
			children = (
				D6A39BC4216078FE00D4643F /* Extensions */,
				D6A39BC1216078A100D4643F /* Protocols */,
				D6A1FE612160660C00A5F07D /* Flows */,
				D6A1FE602160653400A5F07D /* Services */,
				D64187A8215F59D2009814F1 /* Entities */,
				3237F82C6AE72AEE9FAD14EB /* Scene */,
				D685937C215F54D800BA4511 /* AppDelegate.swift */,
				D6859383215F54D900BA4511 /* Assets.xcassets */,
				D6859385215F54D900BA4511 /* LaunchScreen.storyboard */,
				D6859388215F54D900BA4511 /* Info.plist */,
			);
			path = SimpleBudget;
			sourceTree = "<group>";
		};
		D6859390215F54D900BA4511 /* SimpleBudgetTests */ = {
			isa = PBXGroup;
			children = (
				D6859391215F54D900BA4511 /* SimpleBudgetTests.swift */,
				D6859393215F54D900BA4511 /* Info.plist */,
			);
			path = SimpleBudgetTests;
			sourceTree = "<group>";
		};
		D6A1FE602160653400A5F07D /* Services */ = {
			isa = PBXGroup;
			children = (
				D6A39BBF2160739000D4643F /* PersistenceService.swift */,
			);
			path = Services;
			sourceTree = "<group>";
		};
		D6A1FE612160660C00A5F07D /* Flows */ = {
			isa = PBXGroup;
			children = (
				D6A1FE622160661700A5F07D /* AppFlow.swift */,
				3237FA16B13ED4A2E89245AA /* AppStep.swift */,
				3237F31B569E1697CAD95BA5 /* BudgetFlow.swift */,
			);
			path = Flows;
			sourceTree = "<group>";
		};
		D6A39BC1216078A100D4643F /* Protocols */ = {
			isa = PBXGroup;
			children = (
				D6A39BC2216078B000D4643F /* Reusable.swift */,
				D6CCC469216080A80084BB36 /* Bindable.swift */,
				D6CCC46B216086150084BB36 /* NibLoadableView.swift */,
			);
			path = Protocols;
			sourceTree = "<group>";
		};
		D6A39BC4216078FE00D4643F /* Extensions */ = {
			isa = PBXGroup;
			children = (
				D6A39BC52160790C00D4643F /* UITableView+Reusable.swift */,
				D6A03E8C2166363900F07CAC /* Observable+ActivityIndicator.swift */,
				D676A7DD2171A2350074FAF0 /* Observable+Optional.swift */,
			);
			path = Extensions;
			sourceTree = "<group>";
		};
/* End PBXGroup section */

/* Begin PBXNativeTarget section */
		D6859378215F54D800BA4511 /* SimpleBudget */ = {
			isa = PBXNativeTarget;
			buildConfigurationList = D6859396215F54D900BA4511 /* Build configuration list for PBXNativeTarget "SimpleBudget" */;
			buildPhases = (
				D6859375215F54D800BA4511 /* Sources */,
				D6859376215F54D800BA4511 /* Frameworks */,
				D6859377215F54D800BA4511 /* Resources */,
				D641879E215F57E2009814F1 /* Carthage */,
				BA9999152175F7A3007BAA60 /* ShellScript */,
			);
			buildRules = (
			);
			dependencies = (
			);
			name = SimpleBudget;
			productName = SimpleBudget;
			productReference = D6859379215F54D800BA4511 /* SimpleBudget.app */;
			productType = "com.apple.product-type.application";
		};
		D685938C215F54D900BA4511 /* SimpleBudgetTests */ = {
			isa = PBXNativeTarget;
			buildConfigurationList = D6859399215F54D900BA4511 /* Build configuration list for PBXNativeTarget "SimpleBudgetTests" */;
			buildPhases = (
				D6859389215F54D900BA4511 /* Sources */,
				D685938A215F54D900BA4511 /* Frameworks */,
				D685938B215F54D900BA4511 /* Resources */,
				D60D17DB21652395001964A9 /* Carthage */,
			);
			buildRules = (
			);
			dependencies = (
				D685938F215F54D900BA4511 /* PBXTargetDependency */,
			);
			name = SimpleBudgetTests;
			productName = SimpleBudgetTests;
			productReference = D685938D215F54D900BA4511 /* SimpleBudgetTests.xctest */;
			productType = "com.apple.product-type.bundle.unit-test";
		};
/* End PBXNativeTarget section */

/* Begin PBXProject section */
		D6859371215F54D800BA4511 /* Project object */ = {
			isa = PBXProject;
			attributes = {
				LastSwiftUpdateCheck = 1000;
				LastUpgradeCheck = 1000;
				ORGANIZATIONNAME = SimpleBudget;
				TargetAttributes = {
					D6859378215F54D800BA4511 = {
						CreatedOnToolsVersion = 10.0;
					};
					D685938C215F54D900BA4511 = {
						CreatedOnToolsVersion = 10.0;
						TestTargetID = D6859378215F54D800BA4511;
					};
				};
			};
			buildConfigurationList = D6859374215F54D800BA4511 /* Build configuration list for PBXProject "SimpleBudget" */;
			compatibilityVersion = "Xcode 9.3";
			developmentRegion = en;
			hasScannedForEncodings = 0;
			knownRegions = (
				en,
				Base,
			);
			mainGroup = D6859370215F54D800BA4511;
			productRefGroup = D685937A215F54D800BA4511 /* Products */;
			projectDirPath = "";
			projectRoot = "";
			targets = (
				D6859378215F54D800BA4511 /* SimpleBudget */,
				D685938C215F54D900BA4511 /* SimpleBudgetTests */,
			);
		};
/* End PBXProject section */

/* Begin PBXResourcesBuildPhase section */
		D6859377215F54D800BA4511 /* Resources */ = {
			isa = PBXResourcesBuildPhase;
			buildActionMask = 2147483647;
			files = (
				D6859387215F54D900BA4511 /* LaunchScreen.storyboard in Resources */,
				D68103CB21677A2E009584E3 /* TransactionListTableViewCell.xib in Resources */,
				D68103C7216776CA009584E3 /* TransactionListViewController.xib in Resources */,
				D66761192163C51800B07870 /* CreateWalletViewController.xib in Resources */,
				D6859384215F54D900BA4511 /* Assets.xcassets in Resources */,
				2D50F0A32167C64B00FFFD42 /* AddTransactionViewController.xib in Resources */,
				2CCEE915217448D100B7C054 /* AddCategoryViewController.xib in Resources */,
				D6A39BCC216079CA00D4643F /* WalletListTableViewCell.xib in Resources */,
				D6301B85216F90DA00051102 /* CategorySelectionTableViewCell.xib in Resources */,
				D6655614216E4B1D00E9C21D /* CategorySelectionViewController.xib in Resources */,
			);
			runOnlyForDeploymentPostprocessing = 0;
		};
		D685938B215F54D900BA4511 /* Resources */ = {
			isa = PBXResourcesBuildPhase;
			buildActionMask = 2147483647;
			files = (
			);
			runOnlyForDeploymentPostprocessing = 0;
		};
/* End PBXResourcesBuildPhase section */

/* Begin PBXShellScriptBuildPhase section */
		BA9999152175F7A3007BAA60 /* ShellScript */ = {
			isa = PBXShellScriptBuildPhase;
			buildActionMask = 2147483647;
			files = (
			);
			inputFileListPaths = (
			);
			inputPaths = (
			);
			outputFileListPaths = (
			);
			outputPaths = (
			);
			runOnlyForDeploymentPostprocessing = 0;
			shellPath = /bin/sh;
			shellScript = "if which swiftlint >/dev/null; then\nswiftlint\nelse\necho \"warning: SwiftLint not installed, download from https://github.com/realm/SwiftLint\"\nfi\n";
		};
		D641879E215F57E2009814F1 /* Carthage */ = {
			isa = PBXShellScriptBuildPhase;
			buildActionMask = 2147483647;
			files = (
			);
			inputFileListPaths = (
			);
			inputPaths = (
				"$(SRCROOT)/Carthage/Build/iOS/RxCocoa.framework",
				"$(SRCROOT)/Carthage/Build/iOS/RxSwift.framework",
				"$(SRCROOT)/Carthage/Build/iOS/Realm.framework",
				"$(SRCROOT)/Carthage/Build/iOS/RealmSwift.framework",
				"$(SRCROOT)/Carthage/Build/iOS/RxFlow.framework",
				"$(SRCROOT)/Carthage/Build/iOS/NSObject_Rx.framework",
				"$(SRCROOT)/Carthage/Build/iOS/Action.framework",
				"$(SRCROOT)/Carthage/Build/iOS/RxDataSources.framework",
				"$(SRCROOT)/Carthage/Build/iOS/Differentiator.framework",
				"$(SRCROOT)/Carthage/Build/iOS/RxRealm.framework",
			);
			name = Carthage;
			outputFileListPaths = (
			);
			outputPaths = (
				"$(BUILT_PRODUCTS_DIR)/$(FRAMEWORKS_FOLDER_PATH)/RxCocoa.framework",
				"$(BUILT_PRODUCTS_DIR)/$(FRAMEWORKS_FOLDER_PATH)/RxSwift.framework",
				"$(BUILT_PRODUCTS_DIR)/$(FRAMEWORKS_FOLDER_PATH)/Realm.framework",
				"$(BUILT_PRODUCTS_DIR)/$(FRAMEWORKS_FOLDER_PATH)/RealmSwift.framework",
				"$(BUILT_PRODUCTS_DIR)/$(FRAMEWORKS_FOLDER_PATH)/RxFlow.framework",
				"$(BUILT_PRODUCTS_DIR)/$(FRAMEWORKS_FOLDER_PATH)/NSObject_Rx.framework",
				"$(BUILT_PRODUCTS_DIR)/$(FRAMEWORKS_FOLDER_PATH)/Action.framework",
				"$(BUILT_PRODUCTS_DIR)/$(FRAMEWORKS_FOLDER_PATH)/RxDataSources.framework",
				"$(BUILT_PRODUCTS_DIR)/$(FRAMEWORKS_FOLDER_PATH)/Differentiator.framework",
				"$(BUILT_PRODUCTS_DIR)/$(FRAMEWORKS_FOLDER_PATH)/RxRealm.framework",
			);
			runOnlyForDeploymentPostprocessing = 0;
			shellPath = /bin/sh;
			shellScript = "/usr/local/bin/carthage copy-frameworks\n";
		};
/* End PBXShellScriptBuildPhase section */

/* Begin PBXSourcesBuildPhase section */
		D6859375215F54D800BA4511 /* Sources */ = {
			isa = PBXSourcesBuildPhase;
			buildActionMask = 2147483647;
			files = (
				D64187AC215F5DA2009814F1 /* Transaction.swift in Sources */,
				D6301B7B216F8C5000051102 /* Wallet+RxDataSources.swift in Sources */,
				D6301B77216F8A5D00051102 /* BaseEntity+RxDataSources.swift in Sources */,
				2CCEE911217448AD00B7C054 /* AddCategoryViewModel.swift in Sources */,
				2D50F09F2167C5FD00FFFD42 /* AddTransactionViewModel.swift in Sources */,
				D6301B7A216F8C5000051102 /* Transaction+RxDataSources.swift in Sources */,
				D66761182163C51800B07870 /* CreateWalletViewController.swift in Sources */,
				D6301B84216F90DA00051102 /* CategorySelectionTableViewCell.swift in Sources */,
				2D50F0A22167C64B00FFFD42 /* AddTransactionViewController.swift in Sources */,
				D6A1FE632160661700A5F07D /* AppFlow.swift in Sources */,
				D68103C32167761F009584E3 /* TransactionListViewModel.swift in Sources */,
				D68103CA21677A2E009584E3 /* TransactionListTableViewCell.swift in Sources */,
				D6CCC46C216086150084BB36 /* NibLoadableView.swift in Sources */,
				D64187AA215F59E3009814F1 /* Wallet.swift in Sources */,
				D6681A4F216A451600214D1E /* CreateWalletViewModel.swift in Sources */,
				D6A39BC02160739000D4643F /* PersistenceService.swift in Sources */,
				D6301B75216F8A2200051102 /* BaseEntity.swift in Sources */,
				D6A39BC62160790C00D4643F /* UITableView+Reusable.swift in Sources */,
				D676A7DE2171A2350074FAF0 /* Observable+Optional.swift in Sources */,
				D6A39BC3216078B000D4643F /* Reusable.swift in Sources */,
				D6A39BCB216079CA00D4643F /* WalletListTableViewCell.swift in Sources */,
				D6CCC46A216080A80084BB36 /* Bindable.swift in Sources */,
				D68103C6216776CA009584E3 /* TransactionListViewController.swift in Sources */,
				D6681A51216A48E300214D1E /* Category.swift in Sources */,
				D6A03E8D2166363900F07CAC /* Observable+ActivityIndicator.swift in Sources */,
				D6301B7D216F8C8600051102 /* Category+RxDataSources.swift in Sources */,
				D685937D215F54D800BA4511 /* AppDelegate.swift in Sources */,
				D6655613216E4B1D00E9C21D /* CategorySelectionViewController.swift in Sources */,
				3237F88CC8DFEED5F3A307EF /* AppStep.swift in Sources */,
				3237FBC3F2F528F34A7FA796 /* BudgetFlow.swift in Sources */,
				2CCEE913217448BC00B7C054 /* AddCategoryViewController.swift in Sources */,
				3237FCC8D611947342E32C72 /* WalletListViewController.swift in Sources */,
				D6655610216E4B0100E9C21D /* CategorySelectionViewModel.swift in Sources */,
				3237FDDDC0AE8C2AD6730100 /* WalletListViewModel.swift in Sources */,
			);
			runOnlyForDeploymentPostprocessing = 0;
		};
		D6859389215F54D900BA4511 /* Sources */ = {
			isa = PBXSourcesBuildPhase;
			buildActionMask = 2147483647;
			files = (
				D6859392215F54D900BA4511 /* SimpleBudgetTests.swift in Sources */,
			);
			runOnlyForDeploymentPostprocessing = 0;
		};
/* End PBXSourcesBuildPhase section */

/* Begin PBXTargetDependency section */
		D685938F215F54D900BA4511 /* PBXTargetDependency */ = {
			isa = PBXTargetDependency;
			target = D6859378215F54D800BA4511 /* SimpleBudget */;
			targetProxy = D685938E215F54D900BA4511 /* PBXContainerItemProxy */;
		};
/* End PBXTargetDependency section */

/* Begin PBXVariantGroup section */
		D6859385215F54D900BA4511 /* LaunchScreen.storyboard */ = {
			isa = PBXVariantGroup;
			children = (
				D6859386215F54D900BA4511 /* Base */,
			);
			name = LaunchScreen.storyboard;
			sourceTree = "<group>";
		};
/* End PBXVariantGroup section */

/* Begin XCBuildConfiguration section */
		D6859394215F54D900BA4511 /* Debug */ = {
			isa = XCBuildConfiguration;
			buildSettings = {
				ALWAYS_SEARCH_USER_PATHS = NO;
				CLANG_ANALYZER_NONNULL = YES;
				CLANG_ANALYZER_NUMBER_OBJECT_CONVERSION = YES_AGGRESSIVE;
				CLANG_CXX_LANGUAGE_STANDARD = "gnu++14";
				CLANG_CXX_LIBRARY = "libc++";
				CLANG_ENABLE_MODULES = YES;
				CLANG_ENABLE_OBJC_ARC = YES;
				CLANG_ENABLE_OBJC_WEAK = YES;
				CLANG_WARN_BLOCK_CAPTURE_AUTORELEASING = YES;
				CLANG_WARN_BOOL_CONVERSION = YES;
				CLANG_WARN_COMMA = YES;
				CLANG_WARN_CONSTANT_CONVERSION = YES;
				CLANG_WARN_DEPRECATED_OBJC_IMPLEMENTATIONS = YES;
				CLANG_WARN_DIRECT_OBJC_ISA_USAGE = YES_ERROR;
				CLANG_WARN_DOCUMENTATION_COMMENTS = YES;
				CLANG_WARN_EMPTY_BODY = YES;
				CLANG_WARN_ENUM_CONVERSION = YES;
				CLANG_WARN_INFINITE_RECURSION = YES;
				CLANG_WARN_INT_CONVERSION = YES;
				CLANG_WARN_NON_LITERAL_NULL_CONVERSION = YES;
				CLANG_WARN_OBJC_IMPLICIT_RETAIN_SELF = YES;
				CLANG_WARN_OBJC_LITERAL_CONVERSION = YES;
				CLANG_WARN_OBJC_ROOT_CLASS = YES_ERROR;
				CLANG_WARN_RANGE_LOOP_ANALYSIS = YES;
				CLANG_WARN_STRICT_PROTOTYPES = YES;
				CLANG_WARN_SUSPICIOUS_MOVE = YES;
				CLANG_WARN_UNGUARDED_AVAILABILITY = YES_AGGRESSIVE;
				CLANG_WARN_UNREACHABLE_CODE = YES;
				CLANG_WARN__DUPLICATE_METHOD_MATCH = YES;
				CODE_SIGN_IDENTITY = "iPhone Developer";
				COPY_PHASE_STRIP = NO;
				DEBUG_INFORMATION_FORMAT = dwarf;
				ENABLE_STRICT_OBJC_MSGSEND = YES;
				ENABLE_TESTABILITY = YES;
				GCC_C_LANGUAGE_STANDARD = gnu11;
				GCC_DYNAMIC_NO_PIC = NO;
				GCC_NO_COMMON_BLOCKS = YES;
				GCC_OPTIMIZATION_LEVEL = 0;
				GCC_PREPROCESSOR_DEFINITIONS = (
					"DEBUG=1",
					"$(inherited)",
				);
				GCC_WARN_64_TO_32_BIT_CONVERSION = YES;
				GCC_WARN_ABOUT_RETURN_TYPE = YES_ERROR;
				GCC_WARN_UNDECLARED_SELECTOR = YES;
				GCC_WARN_UNINITIALIZED_AUTOS = YES_AGGRESSIVE;
				GCC_WARN_UNUSED_FUNCTION = YES;
				GCC_WARN_UNUSED_VARIABLE = YES;
				IPHONEOS_DEPLOYMENT_TARGET = 12.0;
				MTL_ENABLE_DEBUG_INFO = INCLUDE_SOURCE;
				MTL_FAST_MATH = YES;
				ONLY_ACTIVE_ARCH = YES;
				SDKROOT = iphoneos;
				SWIFT_ACTIVE_COMPILATION_CONDITIONS = DEBUG;
				SWIFT_OPTIMIZATION_LEVEL = "-Onone";
			};
			name = Debug;
		};
		D6859395215F54D900BA4511 /* Release */ = {
			isa = XCBuildConfiguration;
			buildSettings = {
				ALWAYS_SEARCH_USER_PATHS = NO;
				CLANG_ANALYZER_NONNULL = YES;
				CLANG_ANALYZER_NUMBER_OBJECT_CONVERSION = YES_AGGRESSIVE;
				CLANG_CXX_LANGUAGE_STANDARD = "gnu++14";
				CLANG_CXX_LIBRARY = "libc++";
				CLANG_ENABLE_MODULES = YES;
				CLANG_ENABLE_OBJC_ARC = YES;
				CLANG_ENABLE_OBJC_WEAK = YES;
				CLANG_WARN_BLOCK_CAPTURE_AUTORELEASING = YES;
				CLANG_WARN_BOOL_CONVERSION = YES;
				CLANG_WARN_COMMA = YES;
				CLANG_WARN_CONSTANT_CONVERSION = YES;
				CLANG_WARN_DEPRECATED_OBJC_IMPLEMENTATIONS = YES;
				CLANG_WARN_DIRECT_OBJC_ISA_USAGE = YES_ERROR;
				CLANG_WARN_DOCUMENTATION_COMMENTS = YES;
				CLANG_WARN_EMPTY_BODY = YES;
				CLANG_WARN_ENUM_CONVERSION = YES;
				CLANG_WARN_INFINITE_RECURSION = YES;
				CLANG_WARN_INT_CONVERSION = YES;
				CLANG_WARN_NON_LITERAL_NULL_CONVERSION = YES;
				CLANG_WARN_OBJC_IMPLICIT_RETAIN_SELF = YES;
				CLANG_WARN_OBJC_LITERAL_CONVERSION = YES;
				CLANG_WARN_OBJC_ROOT_CLASS = YES_ERROR;
				CLANG_WARN_RANGE_LOOP_ANALYSIS = YES;
				CLANG_WARN_STRICT_PROTOTYPES = YES;
				CLANG_WARN_SUSPICIOUS_MOVE = YES;
				CLANG_WARN_UNGUARDED_AVAILABILITY = YES_AGGRESSIVE;
				CLANG_WARN_UNREACHABLE_CODE = YES;
				CLANG_WARN__DUPLICATE_METHOD_MATCH = YES;
				CODE_SIGN_IDENTITY = "iPhone Developer";
				COPY_PHASE_STRIP = NO;
				DEBUG_INFORMATION_FORMAT = "dwarf-with-dsym";
				ENABLE_NS_ASSERTIONS = NO;
				ENABLE_STRICT_OBJC_MSGSEND = YES;
				GCC_C_LANGUAGE_STANDARD = gnu11;
				GCC_NO_COMMON_BLOCKS = YES;
				GCC_WARN_64_TO_32_BIT_CONVERSION = YES;
				GCC_WARN_ABOUT_RETURN_TYPE = YES_ERROR;
				GCC_WARN_UNDECLARED_SELECTOR = YES;
				GCC_WARN_UNINITIALIZED_AUTOS = YES_AGGRESSIVE;
				GCC_WARN_UNUSED_FUNCTION = YES;
				GCC_WARN_UNUSED_VARIABLE = YES;
				IPHONEOS_DEPLOYMENT_TARGET = 12.0;
				MTL_ENABLE_DEBUG_INFO = NO;
				MTL_FAST_MATH = YES;
				SDKROOT = iphoneos;
				SWIFT_COMPILATION_MODE = wholemodule;
				SWIFT_OPTIMIZATION_LEVEL = "-O";
				VALIDATE_PRODUCT = YES;
			};
			name = Release;
		};
		D6859397215F54D900BA4511 /* Debug */ = {
			isa = XCBuildConfiguration;
			buildSettings = {
				ASSETCATALOG_COMPILER_APPICON_NAME = AppIcon;
				CODE_SIGN_IDENTITY = "iPhone Developer";
				CODE_SIGN_STYLE = Automatic;
				DEVELOPMENT_TEAM = "";
				FRAMEWORK_SEARCH_PATHS = (
					"$(inherited)",
					"$(PROJECT_DIR)/Carthage/Build/iOS",
				);
				INFOPLIST_FILE = SimpleBudget/Info.plist;
				IPHONEOS_DEPLOYMENT_TARGET = 11.0;
				LD_RUNPATH_SEARCH_PATHS = (
					"$(inherited)",
					"@executable_path/Frameworks",
				);
				PRODUCT_BUNDLE_IDENTIFIER = io.khoi.SimpleBudget;
				PRODUCT_NAME = "$(TARGET_NAME)";
				PROVISIONING_PROFILE_SPECIFIER = "";
				SWIFT_VERSION = 4.2;
				TARGETED_DEVICE_FAMILY = "1,2";
			};
			name = Debug;
		};
		D6859398215F54D900BA4511 /* Release */ = {
			isa = XCBuildConfiguration;
			buildSettings = {
				ASSETCATALOG_COMPILER_APPICON_NAME = AppIcon;
				CODE_SIGN_IDENTITY = "iPhone Developer";
				CODE_SIGN_STYLE = Automatic;
				DEVELOPMENT_TEAM = "";
				FRAMEWORK_SEARCH_PATHS = (
					"$(inherited)",
					"$(PROJECT_DIR)/Carthage/Build/iOS",
				);
				INFOPLIST_FILE = SimpleBudget/Info.plist;
				IPHONEOS_DEPLOYMENT_TARGET = 11.0;
				LD_RUNPATH_SEARCH_PATHS = (
					"$(inherited)",
					"@executable_path/Frameworks",
				);
				PRODUCT_BUNDLE_IDENTIFIER = io.khoi.SimpleBudget;
				PRODUCT_NAME = "$(TARGET_NAME)";
				PROVISIONING_PROFILE_SPECIFIER = "";
				SWIFT_VERSION = 4.2;
				TARGETED_DEVICE_FAMILY = "1,2";
			};
			name = Release;
		};
		D685939A215F54D900BA4511 /* Debug */ = {
			isa = XCBuildConfiguration;
			buildSettings = {
				ALWAYS_EMBED_SWIFT_STANDARD_LIBRARIES = YES;
				BUNDLE_LOADER = "$(TEST_HOST)";
				CODE_SIGN_STYLE = Automatic;
				DEVELOPMENT_TEAM = EMR59SFZRH;
				FRAMEWORK_SEARCH_PATHS = (
					"$(inherited)",
					"$(PROJECT_DIR)/Carthage/Build/iOS",
				);
				INFOPLIST_FILE = SimpleBudgetTests/Info.plist;
				LD_RUNPATH_SEARCH_PATHS = (
					"$(inherited)",
					"@executable_path/Frameworks",
					"@loader_path/Frameworks",
				);
				PRODUCT_BUNDLE_IDENTIFIER = io.khoi.SimpleBudgetTests;
				PRODUCT_NAME = "$(TARGET_NAME)";
				SWIFT_VERSION = 4.2;
				TARGETED_DEVICE_FAMILY = "1,2";
				TEST_HOST = "$(BUILT_PRODUCTS_DIR)/SimpleBudget.app/SimpleBudget";
			};
			name = Debug;
		};
		D685939B215F54D900BA4511 /* Release */ = {
			isa = XCBuildConfiguration;
			buildSettings = {
				ALWAYS_EMBED_SWIFT_STANDARD_LIBRARIES = YES;
				BUNDLE_LOADER = "$(TEST_HOST)";
				CODE_SIGN_STYLE = Automatic;
				DEVELOPMENT_TEAM = EMR59SFZRH;
				FRAMEWORK_SEARCH_PATHS = (
					"$(inherited)",
					"$(PROJECT_DIR)/Carthage/Build/iOS",
				);
				INFOPLIST_FILE = SimpleBudgetTests/Info.plist;
				LD_RUNPATH_SEARCH_PATHS = (
					"$(inherited)",
					"@executable_path/Frameworks",
					"@loader_path/Frameworks",
				);
				PRODUCT_BUNDLE_IDENTIFIER = io.khoi.SimpleBudgetTests;
				PRODUCT_NAME = "$(TARGET_NAME)";
				SWIFT_VERSION = 4.2;
				TARGETED_DEVICE_FAMILY = "1,2";
				TEST_HOST = "$(BUILT_PRODUCTS_DIR)/SimpleBudget.app/SimpleBudget";
			};
			name = Release;
		};
/* End XCBuildConfiguration section */

/* Begin XCConfigurationList section */
		D6859374215F54D800BA4511 /* Build configuration list for PBXProject "SimpleBudget" */ = {
			isa = XCConfigurationList;
			buildConfigurations = (
				D6859394215F54D900BA4511 /* Debug */,
				D6859395215F54D900BA4511 /* Release */,
			);
			defaultConfigurationIsVisible = 0;
			defaultConfigurationName = Release;
		};
		D6859396215F54D900BA4511 /* Build configuration list for PBXNativeTarget "SimpleBudget" */ = {
			isa = XCConfigurationList;
			buildConfigurations = (
				D6859397215F54D900BA4511 /* Debug */,
				D6859398215F54D900BA4511 /* Release */,
			);
			defaultConfigurationIsVisible = 0;
			defaultConfigurationName = Release;
		};
		D6859399215F54D900BA4511 /* Build configuration list for PBXNativeTarget "SimpleBudgetTests" */ = {
			isa = XCConfigurationList;
			buildConfigurations = (
				D685939A215F54D900BA4511 /* Debug */,
				D685939B215F54D900BA4511 /* Release */,
			);
			defaultConfigurationIsVisible = 0;
			defaultConfigurationName = Release;
		};
/* End XCConfigurationList section */
	};
	rootObject = D6859371215F54D800BA4511 /* Project object */;
}
